{
  "name": "UseStudio-CampusInfo",
  "version": "2.0.0",
  "lockfileVersion": 1,
  "requires": true,
  "dependencies": {
    "argparse": {
      "version": "1.0.10",
      "resolved": "http://registry.npm.taobao.org/argparse/download/argparse-1.0.10.tgz",
      "integrity": "sha1-vNZ5HqWuCXJeF+WtmIE0zUCz2RE=",
      "requires": {
        "sprintf-js": "1.0.3"
      }
    },
    "bluebird": {
      "version": "3.5.1",
      "resolved": "http://registry.npm.taobao.org/bluebird/download/bluebird-3.5.1.tgz",
      "integrity": "sha1-2VUfnemPH82h5oPRfukaBgLuLrk="
    },
    "bluebird-lst": {
      "version": "1.0.5",
      "resolved": "http://registry.npm.taobao.org/bluebird-lst/download/bluebird-lst-1.0.5.tgz",
      "integrity": "sha1-vryDAmt+kqcocaPcWZ4hnL+wAqk=",
      "requires": {
        "bluebird": "3.5.1"
      }
    },
    "buffer-from": {
      "version": "1.0.0",
      "resolved": "http://registry.npm.taobao.org/buffer-from/download/buffer-from-1.0.0.tgz",
      "integrity": "sha1-TLiDLSNhJYmwQG6eKVbBfwb99TE="
    },
    "builder-util-runtime": {
      "version": "4.2.1",
      "resolved": "http://registry.npm.taobao.org/builder-util-runtime/download/builder-util-runtime-4.2.1.tgz",
      "integrity": "sha1-DKo1jxMx1waAAQFBylkZUrabNbw=",
      "requires": {
        "bluebird-lst": "1.0.5",
        "debug": "3.1.0",
        "fs-extra-p": "4.6.0",
        "sax": "1.2.4"
      }
    },
    "core-util-is": {
      "version": "1.0.2",
      "resolved": "http://registry.npm.taobao.org/core-util-is/download/core-util-is-1.0.2.tgz",
      "integrity": "sha1-tf1UIgqivFq1eqtxQMlAdUUDwac="
    },
    "debug": {
      "version": "3.1.0",
      "resolved": "http://registry.npm.taobao.org/debug/download/debug-3.1.0.tgz",
      "integrity": "sha1-W7WgZyYotkFJVmuhaBnmFRjGcmE=",
      "requires": {
        "ms": "2.0.0"
      }
    },
    "electron-is-dev": {
      "version": "0.3.0",
      "resolved": "http://registry.npm.taobao.org/electron-is-dev/download/electron-is-dev-0.3.0.tgz",
      "integrity": "sha1-FOb9pcaOnk7L7/nM8DfL18BcWv4="
    },
    "electron-updater": {
      "version": "2.21.10",
      "resolved": "http://registry.npm.taobao.org/electron-updater/download/electron-updater-2.21.10.tgz",
      "integrity": "sha1-qmZ1fr+Wb0JH8keoQzr0XP6Ok7A=",
      "requires": {
        "bluebird-lst": "1.0.5",
        "builder-util-runtime": "4.2.1",
        "electron-is-dev": "0.3.0",
        "fs-extra-p": "4.6.0",
        "js-yaml": "3.11.0",
        "lazy-val": "1.0.3",
        "lodash.isequal": "4.5.0",
        "semver": "5.5.0",
        "source-map-support": "0.5.6"
      }
    },
    "esprima": {
      "version": "4.0.0",
      "resolved": "http://registry.npm.taobao.org/esprima/download/esprima-4.0.0.tgz",
      "integrity": "sha1-RJnt3NERDgshi6zy+n9/WfVcqAQ="
    },
    "fs": {
      "version": "0.0.1-security",
      "resolved": "http://registry.npm.taobao.org/fs/download/fs-0.0.1-security.tgz",
      "integrity": "sha1-invTcYa23d84E/I4WLV+yq9eQdQ="
    },
    "fs-extra": {
      "version": "6.0.1",
      "resolved": "http://registry.npm.taobao.org/fs-extra/download/fs-extra-6.0.1.tgz",
      "integrity": "sha1-irwSj3lG4xATXdyTuYvdtBDno0s=",
      "requires": {
        "graceful-fs": "4.1.11",
        "jsonfile": "4.0.0",
        "universalify": "0.1.1"
      }
    },
    "fs-extra-p": {
      "version": "4.6.0",
      "resolved": "http://registry.npm.taobao.org/fs-extra-p/download/fs-extra-p-4.6.0.tgz",
      "integrity": "sha1-x7cRfw3PipnJsu1YkGfJYKvPPvk=",
      "requires": {
        "bluebird-lst": "1.0.5",
        "fs-extra": "6.0.1"
      }
    },
    "graceful-fs": {
      "version": "4.1.11",
      "resolved": "http://registry.npm.taobao.org/graceful-fs/download/graceful-fs-4.1.11.tgz",
      "integrity": "sha1-Dovf5NHduIVNZOBOp8AOKgJuVlg="
    },
    "if-async": {
      "version": "3.7.4",
      "resolved": "http://registry.npm.taobao.org/if-async/download/if-async-3.7.4.tgz",
      "integrity": "sha1-VYaN6wCT08Z79xZudFNT+5vLIaI="
    },
    "inherits": {
      "version": "2.0.3",
      "resolved": "http://registry.npm.taobao.org/inherits/download/inherits-2.0.3.tgz",
      "integrity": "sha1-Yzwsg+PaQqUC9SRmAiSA9CCCYd4="
    },
    "isarray": {
      "version": "0.0.1",
      "resolved": "http://registry.npm.taobao.org/isarray/download/isarray-0.0.1.tgz",
      "integrity": "sha1-ihis/Kmo9Bd+Cav8YDiTmwXR7t8="
    },
    "js-yaml": {
      "version": "3.11.0",
      "resolved": "http://registry.npm.taobao.org/js-yaml/download/js-yaml-3.11.0.tgz",
      "integrity": "sha1-WXwai9VxUvJtYizkEXhRpR9euu8=",
      "requires": {
        "argparse": "1.0.10",
        "esprima": "4.0.0"
      }
    },
    "jsonfile": {
      "version": "4.0.0",
      "resolved": "http://registry.npm.taobao.org/jsonfile/download/jsonfile-4.0.0.tgz",
      "integrity": "sha1-h3Gq4HmbZAdrdmQPygWPnBDjPss=",
      "requires": {
        "graceful-fs": "4.1.11"
      }
    },
    "lazy-val": {
      "version": "1.0.3",
      "resolved": "http://registry.npm.taobao.org/lazy-val/download/lazy-val-1.0.3.tgz",
      "integrity": "sha1-u5eyAO8AgB2UwxfincbtOeMcXtw="
    },
    "lodash.isequal": {
      "version": "4.5.0",
      "resolved": "http://registry.npm.taobao.org/lodash.isequal/download/lodash.isequal-4.5.0.tgz",
      "integrity": "sha1-QVxEePK8wwEgwizhDtMib30+GOA="
    },
    "ms": {
      "version": "2.0.0",
      "resolved": "http://registry.npm.taobao.org/ms/download/ms-2.0.0.tgz",
      "integrity": "sha1-VgiurfwAvmwpAd9fmGF4jeDVl8g="
    },
    "readable-stream": {
      "version": "1.0.34",
      "resolved": "http://registry.npm.taobao.org/readable-stream/download/readable-stream-1.0.34.tgz",
      "integrity": "sha1-Elgg40vIQtLyqq+v5MKRbuMsFXw=",
      "requires": {
        "core-util-is": "1.0.2",
        "inherits": "2.0.3",
        "isarray": "0.0.1",
        "string_decoder": "0.10.31"
      }
    },
    "regedit": {
      "version": "3.0.0",
      "resolved": "http://registry.npm.taobao.org/regedit/download/regedit-3.0.0.tgz",
      "integrity": "sha1-S7T+QT1wGzxJuj5A9w1MioARVV8=",
      "requires": {
        "debug": "2.6.9",
        "if-async": "3.7.4",
        "stream-slicer": "0.0.6",
        "through2": "0.6.5"
      },
      "dependencies": {
        "debug": {
          "version": "2.6.9",
          "resolved": "http://registry.npm.taobao.org/debug/download/debug-2.6.9.tgz",
          "integrity": "sha1-XRKFFd8TT/Mn6QpMk/Tgd6U2NB8=",
          "requires": {
            "ms": "2.0.0"
          }
        }
      }
    },
    "sax": {
      "version": "1.2.4",
      "resolved": "http://registry.npm.taobao.org/sax/download/sax-1.2.4.tgz",
      "integrity": "sha1-KBYjTiN4vdxOU1T6tcqold9xANk="
    },
    "semver": {
      "version": "5.5.0",
      "resolved": "http://registry.npm.taobao.org/semver/download/semver-5.5.0.tgz",
      "integrity": "sha1-3Eu8emyp2Rbe5dQ1FvAJK1j3uKs="
    },
    "source-map": {
      "version": "0.6.1",
      "resolved": "http://registry.npm.taobao.org/source-map/download/source-map-0.6.1.tgz",
      "integrity": "sha1-dHIq8y6WFOnCh6jQu95IteLxomM="
    },
    "source-map-support": {
      "version": "0.5.6",
      "resolved": "http://registry.npm.taobao.org/source-map-support/download/source-map-support-0.5.6.tgz",
      "integrity": "sha1-RDXO5Gsaq2K46GEM5g94gJHFHBM=",
      "requires": {
        "buffer-from": "1.0.0",
        "source-map": "0.6.1"
      }
    },
    "sprintf-js": {
      "version": "1.0.3",
      "resolved": "http://registry.npm.taobao.org/sprintf-js/download/sprintf-js-1.0.3.tgz",
      "integrity": "sha1-BOaSb2YolTVPPdAVIDYzuFcpfiw="
    },
    "stream-slicer": {
      "version": "0.0.6",
      "resolved": "http://registry.npm.taobao.org/stream-slicer/download/stream-slicer-0.0.6.tgz",
      "integrity": "sha1-+GsqxcJEC3oKh7cfM2ZcB4gEYTg="
    },
    "string_decoder": {
      "version": "0.10.31",
      "resolved": "http://registry.npm.taobao.org/string_decoder/download/string_decoder-0.10.31.tgz",
      "integrity": "sha1-YuIDvEF2bGwoyfyEMB2rHFMQ+pQ="
    },
    "through2": {
      "version": "0.6.5",
      "resolved": "http://registry.npm.taobao.org/through2/download/through2-0.6.5.tgz",
      "integrity": "sha1-QaucZ7KdVyCQcUEOHXp6lozTrUg=",
      "requires": {
        "readable-stream": "1.0.34",
        "xtend": "4.0.1"
      }
    },
    "universalify": {
      "version": "0.1.1",
      "resolved": "http://registry.npm.taobao.org/universalify/download/universalify-0.1.1.tgz",
      "integrity": "sha1-+nG63UQ3r0wUiEHjs7Fl+enlkLc="
    },
    "xtend": {
      "version": "4.0.1",
      "resolved": "http://registry.npm.taobao.org/xtend/download/xtend-4.0.1.tgz",
      "integrity": "sha1-pcbVMr5lbiPbgg77lDofBJmNY68="
    }
  }
}
